
Microsoft Visual Studio Solution File, Format Version 12.00
# Visual Studio 15
VisualStudioVersion = 15.0.27004.2005
MinimumVisualStudioVersion = 10.0.40219.1
Project("{8BC9CEB8-8B4A-11D0-8D11-00A0C91BC942}") = "dfs", "dfs\dfs.vcxproj", "{BB494FCB-4B0C-4390-AC5E-9D50CAB90EB1}"
EndProject
Global
	GlobalSection(SolutionConfigurationPlatforms) = preSolution
		Debug|x64 = Debug|x64
		Debug|x86 = Debug|x86
		Release|x64 = Release|x64
		Release|x86 = Release|x86
	EndGlobalSection
	GlobalSection(ProjectConfigurationPlatforms) = postSolution
		{BB494FCB-4B0C-4390-AC5E-9D50CAB90EB1}.Debug|x64.ActiveCfg = Debug|x64
		{BB494FCB-4B0C-4390-AC5E-9D50CAB90EB1}.Debug|x64.Build.0 = Debug|x64
		{BB494FCB-4B0C-4390-AC5E-9D50CAB90EB1}.Debug|x86.ActiveCfg = Debug|Win32
		{BB494FCB-4B0C-4390-AC5E-9D50CAB90EB1}.Debug|x86.Build.0 = Debug|Win32
		{BB494FCB-4B0C-4390-AC5E-9D50CAB90EB1}.Release|x64.ActiveCfg = Release|x64
		{BB494FCB-4B0C-4390-AC5E-9D50CAB90EB1}.Release|x64.Build.0 = Release|x64
		{BB494FCB-4B0C-4390-AC5E-9D50CAB90EB1}.Release|x86.ActiveCfg = Release|Win32
		{BB494FCB-4B0C-4390-AC5E-9D50CAB90EB1}.Release|x86.Build.0 = Release|Win32
	EndGlobalSection
	GlobalSection(SolutionProperties) = preSolution
		HideSolutionNode = FALSE
	EndGlobalSection
	GlobalSection(ExtensibilityGlobals) = postSolution
		SolutionGuid = {C3CE8AD1-B85C-4E3B-91EA-7987C767D40E}
	EndGlobalSection
EndGlobal
