
Microsoft Visual Studio Solution File, Format Version 12.00
# Visual Studio 15
VisualStudioVersion = 15.0.27130.2003
MinimumVisualStudioVersion = 10.0.40219.1
Project("{262852C6-CD72-467D-83FE-5EEB1973A190}") = "App1", "App1\App1.jsproj", "{BAE53365-F650-46C3-9F19-DFD488B79A1D}"
EndProject
Global
	GlobalSection(SolutionConfigurationPlatforms) = preSolution
		Debug|Any CPU = Debug|Any CPU
		Debug|ARM = Debug|ARM
		Debug|x64 = Debug|x64
		Debug|x86 = Debug|x86
		Release|Any CPU = Release|Any CPU
		Release|ARM = Release|ARM
		Release|x64 = Release|x64
		Release|x86 = Release|x86
	EndGlobalSection
	GlobalSection(ProjectConfigurationPlatforms) = postSolution
		{BAE53365-F650-46C3-9F19-DFD488B79A1D}.Debug|Any CPU.ActiveCfg = Debug|Any CPU
		{BAE53365-F650-46C3-9F19-DFD488B79A1D}.Debug|Any CPU.Build.0 = Debug|Any CPU
		{BAE53365-F650-46C3-9F19-DFD488B79A1D}.Debug|Any CPU.Deploy.0 = Debug|Any CPU
		{BAE53365-F650-46C3-9F19-DFD488B79A1D}.Debug|ARM.ActiveCfg = Debug|ARM
		{BAE53365-F650-46C3-9F19-DFD488B79A1D}.Debug|ARM.Build.0 = Debug|ARM
		{BAE53365-F650-46C3-9F19-DFD488B79A1D}.Debug|ARM.Deploy.0 = Debug|ARM
		{BAE53365-F650-46C3-9F19-DFD488B79A1D}.Debug|x64.ActiveCfg = Debug|x64
		{BAE53365-F650-46C3-9F19-DFD488B79A1D}.Debug|x64.Build.0 = Debug|x64
		{BAE53365-F650-46C3-9F19-DFD488B79A1D}.Debug|x64.Deploy.0 = Debug|x64
		{BAE53365-F650-46C3-9F19-DFD488B79A1D}.Debug|x86.ActiveCfg = Debug|x86
		{BAE53365-F650-46C3-9F19-DFD488B79A1D}.Debug|x86.Build.0 = Debug|x86
		{BAE53365-F650-46C3-9F19-DFD488B79A1D}.Debug|x86.Deploy.0 = Debug|x86
		{BAE53365-F650-46C3-9F19-DFD488B79A1D}.Release|Any CPU.ActiveCfg = Release|Any CPU
		{BAE53365-F650-46C3-9F19-DFD488B79A1D}.Release|Any CPU.Build.0 = Release|Any CPU
		{BAE53365-F650-46C3-9F19-DFD488B79A1D}.Release|Any CPU.Deploy.0 = Release|Any CPU
		{BAE53365-F650-46C3-9F19-DFD488B79A1D}.Release|ARM.ActiveCfg = Release|ARM
		{BAE53365-F650-46C3-9F19-DFD488B79A1D}.Release|ARM.Build.0 = Release|ARM
		{BAE53365-F650-46C3-9F19-DFD488B79A1D}.Release|ARM.Deploy.0 = Release|ARM
		{BAE53365-F650-46C3-9F19-DFD488B79A1D}.Release|x64.ActiveCfg = Release|x64
		{BAE53365-F650-46C3-9F19-DFD488B79A1D}.Release|x64.Build.0 = Release|x64
		{BAE53365-F650-46C3-9F19-DFD488B79A1D}.Release|x64.Deploy.0 = Release|x64
		{BAE53365-F650-46C3-9F19-DFD488B79A1D}.Release|x86.ActiveCfg = Release|x86
		{BAE53365-F650-46C3-9F19-DFD488B79A1D}.Release|x86.Build.0 = Release|x86
		{BAE53365-F650-46C3-9F19-DFD488B79A1D}.Release|x86.Deploy.0 = Release|x86
	EndGlobalSection
	GlobalSection(SolutionProperties) = preSolution
		HideSolutionNode = FALSE
	EndGlobalSection
	GlobalSection(ExtensibilityGlobals) = postSolution
		SolutionGuid = {F2023154-1B76-4A30-A3A2-9DBD43204F94}
	EndGlobalSection
EndGlobal
